dependencies:
- name: consul
  repository: ""
  version: 0.1.0
- name: frontend
  repository: ""
  version: 0.1.0
- name: geo
  repository: ""
  version: 0.1.0
- name: jaeger
  repository: ""
  version: 0.1.0
- name: memcached-profile
  repository: ""
  version: 0.1.0
- name: memcached-rate
  repository: ""
  version: 0.1.0
- name: memcached-reserve
  repository: ""
  version: 0.1.0
- name: mongodb-geo
  repository: ""
  version: 0.1.0
- name: mongodb-profile
  repository: ""
  version: 0.1.0
- name: mongodb-rate
  repository: ""
  version: 0.1.0
- name: mongodb-recommendation
  repository: ""
  version: 0.1.0
- name: mongodb-reservation
  repository: ""
  version: 0.1.0
- name: mongodb-user
  repository: ""
  version: 0.1.0
- name: profile
  repository: ""
  version: 0.1.0
- name: rate
  repository: ""
  version: 0.1.0
- name: recommendation
  repository: ""
  version: 0.1.0
- name: reservation
  repository: ""
  version: 0.1.0
- name: search
  repository: ""
  version: 0.1.0
- name: user
  repository: ""
  version: 0.1.0
digest: sha256:91cd8df796dbd74f2f3df4dace024c5d23fd2a161ee7ff18dbb7b3ce827ec072
generated: "2026-04-21T09:53:31.1114083+01:00"
